
Microsoft Visual Studio Solution File, Format Version 12.00
# Visual Studio Version 17
VisualStudioVersion = 17.7.34031.279
MinimumVisualStudioVersion = 10.0.40219.1
Project("{FAE04EC0-301F-11D3-BF4B-00C04F79EFBC}") = "Data", "Data\Data.csproj", "{64A477AD-1DDE-4E26-9087-A35CAB9985A6}"
EndProject
Project("{FAE04EC0-301F-11D3-BF4B-00C04F79EFBC}") = "Logic", "Logic\Logic.csproj", "{4EB8D29C-3C5B-4514-9E74-F9122890A75B}"
EndProject
Project("{FAE04EC0-301F-11D3-BF4B-00C04F79EFBC}") = "Presentation", "Presentation\Presentation.csproj", "{E21E1CE2-97CC-4362-BBBF-3DDCE3B38A15}"
EndProject
Global
	GlobalSection(SolutionConfigurationPlatforms) = preSolution
		Debug|Any CPU = Debug|Any CPU
		Release|Any CPU = Release|Any CPU
	EndGlobalSection
	GlobalSection(ProjectConfigurationPlatforms) = postSolution
		{64A477AD-1DDE-4E26-9087-A35CAB9985A6}.Debug|Any CPU.ActiveCfg = Debug|Any CPU
		{64A477AD-1DDE-4E26-9087-A35CAB9985A6}.Debug|Any CPU.Build.0 = Debug|Any CPU
		{64A477AD-1DDE-4E26-9087-A35CAB9985A6}.Release|Any CPU.ActiveCfg = Release|Any CPU
		{64A477AD-1DDE-4E26-9087-A35CAB9985A6}.Release|Any CPU.Build.0 = Release|Any CPU
		{4EB8D29C-3C5B-4514-9E74-F9122890A75B}.Debug|Any CPU.ActiveCfg = Debug|Any CPU
		{4EB8D29C-3C5B-4514-9E74-F9122890A75B}.Debug|Any CPU.Build.0 = Debug|Any CPU
		{4EB8D29C-3C5B-4514-9E74-F9122890A75B}.Release|Any CPU.ActiveCfg = Release|Any CPU
		{4EB8D29C-3C5B-4514-9E74-F9122890A75B}.Release|Any CPU.Build.0 = Release|Any CPU
		{E21E1CE2-97CC-4362-BBBF-3DDCE3B38A15}.Debug|Any CPU.ActiveCfg = Debug|Any CPU
		{E21E1CE2-97CC-4362-BBBF-3DDCE3B38A15}.Debug|Any CPU.Build.0 = Debug|Any CPU
		{E21E1CE2-97CC-4362-BBBF-3DDCE3B38A15}.Release|Any CPU.ActiveCfg = Release|Any CPU
		{E21E1CE2-97CC-4362-BBBF-3DDCE3B38A15}.Release|Any CPU.Build.0 = Release|Any CPU
	EndGlobalSection
	GlobalSection(SolutionProperties) = preSolution
		HideSolutionNode = FALSE
	EndGlobalSection
	GlobalSection(ExtensibilityGlobals) = postSolution
		SolutionGuid = {3F21B3AE-AF1C-41CB-9F90-CC5389054EDB}
	EndGlobalSection
EndGlobal
